
Microsoft Visual Studio Solution File, Format Version 12.00
# Visual Studio Version 17
VisualStudioVersion = 17.7.34024.191
MinimumVisualStudioVersion = 10.0.40219.1
Project("{FAE04EC0-301F-11D3-BF4B-00C04F79EFBC}") = "HayvanlarAlemiKd18", "HayvanlarAlemiKd18\HayvanlarAlemiKd18.csproj", "{14B1D909-C91F-4C17-97FE-0DCF72FB0979}"
EndProject
Global
	GlobalSection(SolutionConfigurationPlatforms) = preSolution
		Debug|Any CPU = Debug|Any CPU
		Release|Any CPU = Release|Any CPU
	EndGlobalSection
	GlobalSection(ProjectConfigurationPlatforms) = postSolution
		{14B1D909-C91F-4C17-97FE-0DCF72FB0979}.Debug|Any CPU.ActiveCfg = Debug|Any CPU
		{14B1D909-C91F-4C17-97FE-0DCF72FB0979}.Debug|Any CPU.Build.0 = Debug|Any CPU
		{14B1D909-C91F-4C17-97FE-0DCF72FB0979}.Release|Any CPU.ActiveCfg = Release|Any CPU
		{14B1D909-C91F-4C17-97FE-0DCF72FB0979}.Release|Any CPU.Build.0 = Release|Any CPU
	EndGlobalSection
	GlobalSection(SolutionProperties) = preSolution
		HideSolutionNode = FALSE
	EndGlobalSection
	GlobalSection(ExtensibilityGlobals) = postSolution
		SolutionGuid = {7B263B85-E8DE-4D8B-A261-C7361762D35A}
	EndGlobalSection
EndGlobal
